
Microsoft Visual Studio Solution File, Format Version 12.00
# Visual Studio 15
VisualStudioVersion = 15.0.27703.2035
MinimumVisualStudioVersion = 10.0.40219.1
Project("{FAE04EC0-301F-11D3-BF4B-00C04F79EFBC}") = "Stocks7", "Stocks7\Stocks7.csproj", "{06B9A834-7AA6-4A9B-9577-3BA82C3F02FE}"
EndProject
Global
	GlobalSection(SolutionConfigurationPlatforms) = preSolution
		Debug|Any CPU = Debug|Any CPU
		Release|Any CPU = Release|Any CPU
	EndGlobalSection
	GlobalSection(ProjectConfigurationPlatforms) = postSolution
		{06B9A834-7AA6-4A9B-9577-3BA82C3F02FE}.Debug|Any CPU.ActiveCfg = Debug|Any CPU
		{06B9A834-7AA6-4A9B-9577-3BA82C3F02FE}.Debug|Any CPU.Build.0 = Debug|Any CPU
		{06B9A834-7AA6-4A9B-9577-3BA82C3F02FE}.Release|Any CPU.ActiveCfg = Release|Any CPU
		{06B9A834-7AA6-4A9B-9577-3BA82C3F02FE}.Release|Any CPU.Build.0 = Release|Any CPU
	EndGlobalSection
	GlobalSection(SolutionProperties) = preSolution
		HideSolutionNode = FALSE
	EndGlobalSection
	GlobalSection(ExtensibilityGlobals) = postSolution
		SolutionGuid = {BF8BD132-D5EC-4CAF-B9D7-07C183D248FC}
	EndGlobalSection
EndGlobal
