
Microsoft Visual Studio Solution File, Format Version 12.00
# Visual Studio 15
VisualStudioVersion = 15.0.27703.2035
MinimumVisualStudioVersion = 10.0.40219.1
Project("{FAE04EC0-301F-11D3-BF4B-00C04F79EFBC}") = "STOCKS", "STOCKS\STOCKS.csproj", "{B7ED8A91-695E-4511-8926-200686AA2DB9}"
EndProject
Global
	GlobalSection(SolutionConfigurationPlatforms) = preSolution
		Debug|Any CPU = Debug|Any CPU
		Release|Any CPU = Release|Any CPU
	EndGlobalSection
	GlobalSection(ProjectConfigurationPlatforms) = postSolution
		{B7ED8A91-695E-4511-8926-200686AA2DB9}.Debug|Any CPU.ActiveCfg = Debug|Any CPU
		{B7ED8A91-695E-4511-8926-200686AA2DB9}.Debug|Any CPU.Build.0 = Debug|Any CPU
		{B7ED8A91-695E-4511-8926-200686AA2DB9}.Release|Any CPU.ActiveCfg = Release|Any CPU
		{B7ED8A91-695E-4511-8926-200686AA2DB9}.Release|Any CPU.Build.0 = Release|Any CPU
	EndGlobalSection
	GlobalSection(SolutionProperties) = preSolution
		HideSolutionNode = FALSE
	EndGlobalSection
	GlobalSection(ExtensibilityGlobals) = postSolution
		SolutionGuid = {3B22EACC-97E8-4EAA-A564-FDDE9C45044D}
	EndGlobalSection
EndGlobal
